// !$*UTF8*$!
{
	archiveVersion = 1;
	classes = {
	};
	objectVersion = 50;
	objects = {

/* Begin PBXBuildFile section */
		220B7282258A288000E4BEDC /* AppDelegate.swift in Sources */ = {isa = PBXBuildFile; fileRef = 220B7281258A288000E4BEDC /* AppDelegate.swift */; };
		220B7284258A288000E4BEDC /* SceneDelegate.swift in Sources */ = {isa = PBXBuildFile; fileRef = 220B7283258A288000E4BEDC /* SceneDelegate.swift */; };
		220B7286258A288000E4BEDC /* WelcomeViewController.swift in Sources */ = {isa = PBXBuildFile; fileRef = 220B7285258A288000E4BEDC /* WelcomeViewController.swift */; };
		220B7289258A288000E4BEDC /* Main.storyboard in Resources */ = {isa = PBXBuildFile; fileRef = 220B7287258A288000E4BEDC /* Main.storyboard */; };
		220B728B258A288300E4BEDC /* Assets.xcassets in Resources */ = {isa = PBXBuildFile; fileRef = 220B728A258A288300E4BEDC /* Assets.xcassets */; };
		220B728E258A288300E4BEDC /* LaunchScreen.storyboard in Resources */ = {isa = PBXBuildFile; fileRef = 220B728C258A288300E4BEDC /* LaunchScreen.storyboard */; };
		220B7299258A288300E4BEDC /* RebornTests.swift in Sources */ = {isa = PBXBuildFile; fileRef = 220B7298258A288300E4BEDC /* RebornTests.swift */; };
		220B72A4258A288300E4BEDC /* RebornUITests.swift in Sources */ = {isa = PBXBuildFile; fileRef = 220B72A3258A288300E4BEDC /* RebornUITests.swift */; };
		221E0B7C25A9273E00386FE1 /* User.swift in Sources */ = {isa = PBXBuildFile; fileRef = 221E0B7B25A9273E00386FE1 /* User.swift */; };
		221E0B8825A9A22800386FE1 /* Gender.swift in Sources */ = {isa = PBXBuildFile; fileRef = 221E0B8725A9A22800386FE1 /* Gender.swift */; };
		221E0BA425A9D38100386FE1 /* Image.swift in Sources */ = {isa = PBXBuildFile; fileRef = 221E0BA325A9D38100386FE1 /* Image.swift */; };
		223A777B25A41184004B3324 /* UIView.swift in Sources */ = {isa = PBXBuildFile; fileRef = 223A777A25A41184004B3324 /* UIView.swift */; };
		2246D2E625CA68230001EFB7 /* DismissStrategy.swift in Sources */ = {isa = PBXBuildFile; fileRef = 2246D2E525CA68230001EFB7 /* DismissStrategy.swift */; };
		2246D2EE25CAD5110001EFB7 /* EnlargeStrategy.swift in Sources */ = {isa = PBXBuildFile; fileRef = 2246D2ED25CAD5110001EFB7 /* EnlargeStrategy.swift */; };
		2246D2F325CAD9F70001EFB7 /* GoBackToThePastStrategy.swift in Sources */ = {isa = PBXBuildFile; fileRef = 2246D2F225CAD9F70001EFB7 /* GoBackToThePastStrategy.swift */; };
		224A91842595FA7D00A896BE /* ItemType.swift in Sources */ = {isa = PBXBuildFile; fileRef = 224A91832595FA7D00A896BE /* ItemType.swift */; };
		224A919225971E9000A896BE /* ItemViewBuilder.swift in Sources */ = {isa = PBXBuildFile; fileRef = 224A919125971E9000A896BE /* ItemViewBuilder.swift */; };
		224E663525C6457900B71E8A /* TimeMachineAnimationStrategy.swift in Sources */ = {isa = PBXBuildFile; fileRef = 224E663425C6457900B71E8A /* TimeMachineAnimationStrategy.swift */; };
		224E663D25C6465D00B71E8A /* ForwardForOneStrategy.swift in Sources */ = {isa = PBXBuildFile; fileRef = 224E663C25C6465D00B71E8A /* ForwardForOneStrategy.swift */; };
		224E664225C6467100B71E8A /* BackwardForManyStrategy.swift in Sources */ = {isa = PBXBuildFile; fileRef = 224E664125C6467100B71E8A /* BackwardForManyStrategy.swift */; };
		224E664725C6468D00B71E8A /* ForwardForManyStrategy.swift in Sources */ = {isa = PBXBuildFile; fileRef = 224E664625C6468D00B71E8A /* ForwardForManyStrategy.swift */; };
		224E664C25C6469B00B71E8A /* BackwardForOneStrategy.swift in Sources */ = {isa = PBXBuildFile; fileRef = 224E664B25C6469B00B71E8A /* BackwardForOneStrategy.swift */; };
		224E665125C6483E00B71E8A /* PagesBehaviorStrategy.swift in Sources */ = {isa = PBXBuildFile; fileRef = 224E665025C6483E00B71E8A /* PagesBehaviorStrategy.swift */; };
		224E665925C64F5F00B71E8A /* PresentStrategy.swift in Sources */ = {isa = PBXBuildFile; fileRef = 224E665825C64F5F00B71E8A /* PresentStrategy.swift */; };
		224E668A25C6A76600B71E8A /* DateCalculator.swift in Sources */ = {isa = PBXBuildFile; fileRef = 224E668925C6A76600B71E8A /* DateCalculator.swift */; };
		225AD11625A6C8620040E356 /* UIColor.swift in Sources */ = {isa = PBXBuildFile; fileRef = 225AD11525A6C8620040E356 /* UIColor.swift */; };
		225AD12225A80EB30040E356 /* UIApplication.swift in Sources */ = {isa = PBXBuildFile; fileRef = 225AD12125A80EB30040E356 /* UIApplication.swift */; };
		225AD12A25A848A30040E356 /* Selector.swift in Sources */ = {isa = PBXBuildFile; fileRef = 225AD12925A848A30040E356 /* Selector.swift */; };
		225AD12F25A868F50040E356 /* ItemDetailViewController.swift in Sources */ = {isa = PBXBuildFile; fileRef = 225AD12E25A868F50040E356 /* ItemDetailViewController.swift */; };
		225AD13425A86ED80040E356 /* FadeInSegue.swift in Sources */ = {isa = PBXBuildFile; fileRef = 225AD13325A86ED80040E356 /* FadeInSegue.swift */; };
		2279C17E2592ED2F00566CD7 /* UserStyleSetting.swift in Sources */ = {isa = PBXBuildFile; fileRef = 2279C17D2592ED2F00566CD7 /* UserStyleSetting.swift */; };
		228ED3E625B94D630054591F /* CalendarCell.swift in Sources */ = {isa = PBXBuildFile; fileRef = 228ED3E525B94D630054591F /* CalendarCell.swift */; };
		22916DA925BFE34C004A3EC4 /* TimeMachineViewController.swift in Sources */ = {isa = PBXBuildFile; fileRef = 22916DA825BFE34C004A3EC4 /* TimeMachineViewController.swift */; };
		22916DB525C05F0D004A3EC4 /* PresentTimeMachineSegue.swift in Sources */ = {isa = PBXBuildFile; fileRef = 22916DB425C05F0D004A3EC4 /* PresentTimeMachineSegue.swift */; };
		22A2EC6E25C9488A00E97787 /* TimeMachineTransitioningDelegate.swift in Sources */ = {isa = PBXBuildFile; fileRef = 22A2EC6D25C9488A00E97787 /* TimeMachineTransitioningDelegate.swift */; };
		22A2EC7925C9862A00E97787 /* TimeMachineViewPresentAnimationController.swift in Sources */ = {isa = PBXBuildFile; fileRef = 22A2EC7825C9862A00E97787 /* TimeMachineViewPresentAnimationController.swift */; };
		22A2EC8425C9868C00E97787 /* TimeMachineViewDismissAnimationController.swift in Sources */ = {isa = PBXBuildFile; fileRef = 22A2EC8325C9868C00E97787 /* TimeMachineViewDismissAnimationController.swift */; };
		22A2EC9525CA2AAB00E97787 /* Array.swift in Sources */ = {isa = PBXBuildFile; fileRef = 22A2EC9425CA2AAB00E97787 /* Array.swift */; };
		22A597EC2598091B008E2A06 /* UIButton.swift in Sources */ = {isa = PBXBuildFile; fileRef = 22A597EB2598091B008E2A06 /* UIButton.swift */; };
		22A597F925986685008E2A06 /* AddItemViewController.swift in Sources */ = {isa = PBXBuildFile; fileRef = 22A597F825986685008E2A06 /* AddItemViewController.swift */; };
		22A597FE2599C0AF008E2A06 /* WeekDay.swift in Sources */ = {isa = PBXBuildFile; fileRef = 22A597FD2599C0AF008E2A06 /* WeekDay.swift */; };
		22A59811259AA31A008E2A06 /* PopUpViewBuilder.swift in Sources */ = {isa = PBXBuildFile; fileRef = 22A59810259AA31A008E2A06 /* PopUpViewBuilder.swift */; };
		22AACA1125AD910D0098D920 /* Date.swift in Sources */ = {isa = PBXBuildFile; fileRef = 22AACA1025AD910D0098D920 /* Date.swift */; };
		22AACA3225AE98B40098D920 /* CalendarViewController.swift in Sources */ = {isa = PBXBuildFile; fileRef = 22AACA3025AE98B40098D920 /* CalendarViewController.swift */; };
		22BABF2425C3ECBA00168AE1 /* TimeMachineCalendarPageBuilder.swift in Sources */ = {isa = PBXBuildFile; fileRef = 22BABF2325C3ECBA00168AE1 /* TimeMachineCalendarPageBuilder.swift */; };
		22BABF2925C42ABB00168AE1 /* CGAffineTransform.swift in Sources */ = {isa = PBXBuildFile; fileRef = 22BABF2825C42ABB00168AE1 /* CGAffineTransform.swift */; };
		22BC454525B04ED000516F75 /* CalendarPage.swift in Sources */ = {isa = PBXBuildFile; fileRef = 22BC454425B04ED000516F75 /* CalendarPage.swift */; };
		22BC455025B1C92100516F75 /* CustomDate.swift in Sources */ = {isa = PBXBuildFile; fileRef = 22BC454F25B1C92100516F75 /* CustomDate.swift */; };
		22C23A0F258DC4FA00D4BEB2 /* AppEngine.swift in Sources */ = {isa = PBXBuildFile; fileRef = 22C23A0E258DC4FA00D4BEB2 /* AppEngine.swift */; };
		22C23A14258DC58F00D4BEB2 /* Item.swift in Sources */ = {isa = PBXBuildFile; fileRef = 22C23A13258DC58F00D4BEB2 /* Item.swift */; };
		22C23A19258DC5D700D4BEB2 /* QuittingItem.swift in Sources */ = {isa = PBXBuildFile; fileRef = 22C23A18258DC5D700D4BEB2 /* QuittingItem.swift */; };
		22C23A1E258DC5FB00D4BEB2 /* PersistingItem.swift in Sources */ = {isa = PBXBuildFile; fileRef = 22C23A1D258DC5FB00D4BEB2 /* PersistingItem.swift */; };
		22C23A27258DCE4500D4BEB2 /* HomeViewController.swift in Sources */ = {isa = PBXBuildFile; fileRef = 22C23A26258DCE4500D4BEB2 /* HomeViewController.swift */; };
		22C5D967258F3E4400131964 /* SetUpEngine.swift in Sources */ = {isa = PBXBuildFile; fileRef = 22C5D966258F3E4400131964 /* SetUpEngine.swift */; };
		22C5D975258F40E800131964 /* SetUpPage.swift in Sources */ = {isa = PBXBuildFile; fileRef = 22C5D974258F40E800131964 /* SetUpPage.swift */; };
		22D354B425A595B7004F5667 /* UserCenterViewController.swift in Sources */ = {isa = PBXBuildFile; fileRef = 22D354B325A595B7004F5667 /* UserCenterViewController.swift */; };
		22D6195225A0238E00EC9396 /* PopUpViewPresentationController.swift in Sources */ = {isa = PBXBuildFile; fileRef = 22D6195125A0238E00EC9396 /* PopUpViewPresentationController.swift */; };
		22D6195725A0277B00EC9396 /* PopUpViewPresentAnimationController.swift in Sources */ = {isa = PBXBuildFile; fileRef = 22D6195625A0277B00EC9396 /* PopUpViewPresentAnimationController.swift */; };
		22D6195C25A0290600EC9396 /* UIViewController.swift in Sources */ = {isa = PBXBuildFile; fileRef = 22D6195B25A0290600EC9396 /* UIViewController.swift */; };
		22D6196725A02FE100EC9396 /* PopUpViewDismissAnimationController.swift in Sources */ = {isa = PBXBuildFile; fileRef = 22D6196625A02FE100EC9396 /* PopUpViewDismissAnimationController.swift */; };
		22D6197725A06B7F00EC9396 /* PopUpViewTransitioningDelegate.swift in Sources */ = {isa = PBXBuildFile; fileRef = 22D6197625A06B7F00EC9396 /* PopUpViewTransitioningDelegate.swift */; };
		22D7FBA125A18FE5006B1F28 /* DataOption.swift in Sources */ = {isa = PBXBuildFile; fileRef = 22D7FBA025A18FE5006B1F28 /* DataOption.swift */; };
		22D7FBA625A190E9006B1F28 /* SetUpPageData.swift in Sources */ = {isa = PBXBuildFile; fileRef = 22D7FBA525A190E9006B1F28 /* SetUpPageData.swift */; };
		22D7FBB125A1E065006B1F28 /* SetUpPageBuilder.swift in Sources */ = {isa = PBXBuildFile; fileRef = 22D7FBB025A1E065006B1F28 /* SetUpPageBuilder.swift */; };
		22D8A05225CCE1D500A605D6 /* CalendarCellType.swift in Sources */ = {isa = PBXBuildFile; fileRef = 22D8A05125CCE1D500A605D6 /* CalendarCellType.swift */; };
		22D8A05725CCE21C00A605D6 /* NewCalendarPage.swift in Sources */ = {isa = PBXBuildFile; fileRef = 22D8A05625CCE21C00A605D6 /* NewCalendarPage.swift */; };
		22D8A05C25CCE24800A605D6 /* CalendarState.swift in Sources */ = {isa = PBXBuildFile; fileRef = 22D8A05B25CCE24800A605D6 /* CalendarState.swift */; };
		22D8A06725CD13BA00A605D6 /* CalendarCellState.swift in Sources */ = {isa = PBXBuildFile; fileRef = 22D8A06625CD13BA00A605D6 /* CalendarCellState.swift */; };
		22E9A855259ED1B40073D432 /* PikerViewData.swift in Sources */ = {isa = PBXBuildFile; fileRef = 22E9A854259ED1B40073D432 /* PikerViewData.swift */; };
		22E9A875259F33F50073D432 /* PopUpViewController.swift in Sources */ = {isa = PBXBuildFile; fileRef = 22E9A873259F33F50073D432 /* PopUpViewController.swift */; };
		22FCB1B5258D86BA006A0D39 /* SetUpViewController.swift in Sources */ = {isa = PBXBuildFile; fileRef = 22FCB1B4258D86BA006A0D39 /* SetUpViewController.swift */; };
		22FCB1BA258D907C006A0D39 /* SystemStyleSetting.swift in Sources */ = {isa = PBXBuildFile; fileRef = 22FCB1B9258D907C006A0D39 /* SystemStyleSetting.swift */; };
/* End PBXBuildFile section */

/* Begin PBXContainerItemProxy section */
		220B7295258A288300E4BEDC /* PBXContainerItemProxy */ = {
			isa = PBXContainerItemProxy;
			containerPortal = 220B7276258A288000E4BEDC /* Project object */;
			proxyType = 1;
			remoteGlobalIDString = 220B727D258A288000E4BEDC;
			remoteInfo = Reborn;
		};
		220B72A0258A288300E4BEDC /* PBXContainerItemProxy */ = {
			isa = PBXContainerItemProxy;
			containerPortal = 220B7276258A288000E4BEDC /* Project object */;
			proxyType = 1;
			remoteGlobalIDString = 220B727D258A288000E4BEDC;
			remoteInfo = Reborn;
		};
/* End PBXContainerItemProxy section */

/* Begin PBXFileReference section */
		220B727E258A288000E4BEDC /* Reborn.app */ = {isa = PBXFileReference; explicitFileType = wrapper.application; includeInIndex = 0; path = Reborn.app; sourceTree = BUILT_PRODUCTS_DIR; };
		220B7281258A288000E4BEDC /* AppDelegate.swift */ = {isa = PBXFileReference; lastKnownFileType = sourcecode.swift; path = AppDelegate.swift; sourceTree = "<group>"; };
		220B7283258A288000E4BEDC /* SceneDelegate.swift */ = {isa = PBXFileReference; lastKnownFileType = sourcecode.swift; path = SceneDelegate.swift; sourceTree = "<group>"; };
		220B7285258A288000E4BEDC /* WelcomeViewController.swift */ = {isa = PBXFileReference; lastKnownFileType = sourcecode.swift; path = WelcomeViewController.swift; sourceTree = "<group>"; };
		220B7288258A288000E4BEDC /* Base */ = {isa = PBXFileReference; lastKnownFileType = file.storyboard; name = Base; path = Base.lproj/Main.storyboard; sourceTree = "<group>"; };
		220B728A258A288300E4BEDC /* Assets.xcassets */ = {isa = PBXFileReference; lastKnownFileType = folder.assetcatalog; path = Assets.xcassets; sourceTree = "<group>"; };
		220B728D258A288300E4BEDC /* Base */ = {isa = PBXFileReference; lastKnownFileType = file.storyboard; name = Base; path = Base.lproj/LaunchScreen.storyboard; sourceTree = "<group>"; };
		220B728F258A288300E4BEDC /* Info.plist */ = {isa = PBXFileReference; lastKnownFileType = text.plist.xml; path = Info.plist; sourceTree = "<group>"; };
		220B7294258A288300E4BEDC /* RebornTests.xctest */ = {isa = PBXFileReference; explicitFileType = wrapper.cfbundle; includeInIndex = 0; path = RebornTests.xctest; sourceTree = BUILT_PRODUCTS_DIR; };
		220B7298258A288300E4BEDC /* RebornTests.swift */ = {isa = PBXFileReference; lastKnownFileType = sourcecode.swift; path = RebornTests.swift; sourceTree = "<group>"; };
		220B729A258A288300E4BEDC /* Info.plist */ = {isa = PBXFileReference; lastKnownFileType = text.plist.xml; path = Info.plist; sourceTree = "<group>"; };
		220B729F258A288300E4BEDC /* RebornUITests.xctest */ = {isa = PBXFileReference; explicitFileType = wrapper.cfbundle; includeInIndex = 0; path = RebornUITests.xctest; sourceTree = BUILT_PRODUCTS_DIR; };
		220B72A3258A288300E4BEDC /* RebornUITests.swift */ = {isa = PBXFileReference; lastKnownFileType = sourcecode.swift; path = RebornUITests.swift; sourceTree = "<group>"; };
		220B72A5258A288300E4BEDC /* Info.plist */ = {isa = PBXFileReference; lastKnownFileType = text.plist.xml; path = Info.plist; sourceTree = "<group>"; };
		221E0B7B25A9273E00386FE1 /* User.swift */ = {isa = PBXFileReference; lastKnownFileType = sourcecode.swift; path = User.swift; sourceTree = "<group>"; };
		221E0B8725A9A22800386FE1 /* Gender.swift */ = {isa = PBXFileReference; lastKnownFileType = sourcecode.swift; path = Gender.swift; sourceTree = "<group>"; };
		221E0BA325A9D38100386FE1 /* Image.swift */ = {isa = PBXFileReference; lastKnownFileType = sourcecode.swift; path = Image.swift; sourceTree = "<group>"; };
		223A777A25A41184004B3324 /* UIView.swift */ = {isa = PBXFileReference; lastKnownFileType = sourcecode.swift; path = UIView.swift; sourceTree = "<group>"; };
		2246D2E525CA68230001EFB7 /* DismissStrategy.swift */ = {isa = PBXFileReference; lastKnownFileType = sourcecode.swift; path = DismissStrategy.swift; sourceTree = "<group>"; };
		2246D2ED25CAD5110001EFB7 /* EnlargeStrategy.swift */ = {isa = PBXFileReference; lastKnownFileType = sourcecode.swift; path = EnlargeStrategy.swift; sourceTree = "<group>"; };
		2246D2F225CAD9F70001EFB7 /* GoBackToThePastStrategy.swift */ = {isa = PBXFileReference; lastKnownFileType = sourcecode.swift; path = GoBackToThePastStrategy.swift; sourceTree = "<group>"; };
		224A91832595FA7D00A896BE /* ItemType.swift */ = {isa = PBXFileReference; lastKnownFileType = sourcecode.swift; path = ItemType.swift; sourceTree = "<group>"; };
		224A919125971E9000A896BE /* ItemViewBuilder.swift */ = {isa = PBXFileReference; lastKnownFileType = sourcecode.swift; path = ItemViewBuilder.swift; sourceTree = "<group>"; };
		224E663425C6457900B71E8A /* TimeMachineAnimationStrategy.swift */ = {isa = PBXFileReference; lastKnownFileType = sourcecode.swift; path = TimeMachineAnimationStrategy.swift; sourceTree = "<group>"; };
		224E663C25C6465D00B71E8A /* ForwardForOneStrategy.swift */ = {isa = PBXFileReference; lastKnownFileType = sourcecode.swift; path = ForwardForOneStrategy.swift; sourceTree = "<group>"; };
		224E664125C6467100B71E8A /* BackwardForManyStrategy.swift */ = {isa = PBXFileReference; lastKnownFileType = sourcecode.swift; path = BackwardForManyStrategy.swift; sourceTree = "<group>"; };
		224E664625C6468D00B71E8A /* ForwardForManyStrategy.swift */ = {isa = PBXFileReference; lastKnownFileType = sourcecode.swift; path = ForwardForManyStrategy.swift; sourceTree = "<group>"; };
		224E664B25C6469B00B71E8A /* BackwardForOneStrategy.swift */ = {isa = PBXFileReference; lastKnownFileType = sourcecode.swift; path = BackwardForOneStrategy.swift; sourceTree = "<group>"; };
		224E665025C6483E00B71E8A /* PagesBehaviorStrategy.swift */ = {isa = PBXFileReference; lastKnownFileType = sourcecode.swift; path = PagesBehaviorStrategy.swift; sourceTree = "<group>"; };
		224E665825C64F5F00B71E8A /* PresentStrategy.swift */ = {isa = PBXFileReference; lastKnownFileType = sourcecode.swift; path = PresentStrategy.swift; sourceTree = "<group>"; };
		224E668925C6A76600B71E8A /* DateCalculator.swift */ = {isa = PBXFileReference; lastKnownFileType = sourcecode.swift; path = DateCalculator.swift; sourceTree = "<group>"; };
		225AD11525A6C8620040E356 /* UIColor.swift */ = {isa = PBXFileReference; lastKnownFileType = sourcecode.swift; path = UIColor.swift; sourceTree = "<group>"; };
		225AD12125A80EB30040E356 /* UIApplication.swift */ = {isa = PBXFileReference; lastKnownFileType = sourcecode.swift; path = UIApplication.swift; sourceTree = "<group>"; };
		225AD12925A848A30040E356 /* Selector.swift */ = {isa = PBXFileReference; lastKnownFileType = sourcecode.swift; path = Selector.swift; sourceTree = "<group>"; };
		225AD12E25A868F50040E356 /* ItemDetailViewController.swift */ = {isa = PBXFileReference; lastKnownFileType = sourcecode.swift; path = ItemDetailViewController.swift; sourceTree = "<group>"; };
		225AD13325A86ED80040E356 /* FadeInSegue.swift */ = {isa = PBXFileReference; lastKnownFileType = sourcecode.swift; path = FadeInSegue.swift; sourceTree = "<group>"; };
		2279C17D2592ED2F00566CD7 /* UserStyleSetting.swift */ = {isa = PBXFileReference; lastKnownFileType = sourcecode.swift; path = UserStyleSetting.swift; sourceTree = "<group>"; };
		228ED3E525B94D630054591F /* CalendarCell.swift */ = {isa = PBXFileReference; lastKnownFileType = sourcecode.swift; path = CalendarCell.swift; sourceTree = "<group>"; };
		22916DA825BFE34C004A3EC4 /* TimeMachineViewController.swift */ = {isa = PBXFileReference; lastKnownFileType = sourcecode.swift; path = TimeMachineViewController.swift; sourceTree = "<group>"; };
		22916DB425C05F0D004A3EC4 /* PresentTimeMachineSegue.swift */ = {isa = PBXFileReference; lastKnownFileType = sourcecode.swift; path = PresentTimeMachineSegue.swift; sourceTree = "<group>"; };
		22A2EC6D25C9488A00E97787 /* TimeMachineTransitioningDelegate.swift */ = {isa = PBXFileReference; lastKnownFileType = sourcecode.swift; path = TimeMachineTransitioningDelegate.swift; sourceTree = "<group>"; };
		22A2EC7825C9862A00E97787 /* TimeMachineViewPresentAnimationController.swift */ = {isa = PBXFileReference; lastKnownFileType = sourcecode.swift; path = TimeMachineViewPresentAnimationController.swift; sourceTree = "<group>"; };
		22A2EC8325C9868C00E97787 /* TimeMachineViewDismissAnimationController.swift */ = {isa = PBXFileReference; lastKnownFileType = sourcecode.swift; path = TimeMachineViewDismissAnimationController.swift; sourceTree = "<group>"; };
		22A2EC9425CA2AAB00E97787 /* Array.swift */ = {isa = PBXFileReference; lastKnownFileType = sourcecode.swift; path = Array.swift; sourceTree = "<group>"; };
		22A597EB2598091B008E2A06 /* UIButton.swift */ = {isa = PBXFileReference; lastKnownFileType = sourcecode.swift; path = UIButton.swift; sourceTree = "<group>"; };
		22A597F825986685008E2A06 /* AddItemViewController.swift */ = {isa = PBXFileReference; lastKnownFileType = sourcecode.swift; path = AddItemViewController.swift; sourceTree = "<group>"; };
		22A597FD2599C0AF008E2A06 /* WeekDay.swift */ = {isa = PBXFileReference; lastKnownFileType = sourcecode.swift; path = WeekDay.swift; sourceTree = "<group>"; };
		22A59810259AA31A008E2A06 /* PopUpViewBuilder.swift */ = {isa = PBXFileReference; lastKnownFileType = sourcecode.swift; path = PopUpViewBuilder.swift; sourceTree = "<group>"; };
		22AACA1025AD910D0098D920 /* Date.swift */ = {isa = PBXFileReference; lastKnownFileType = sourcecode.swift; path = Date.swift; sourceTree = "<group>"; };
		22AACA3025AE98B40098D920 /* CalendarViewController.swift */ = {isa = PBXFileReference; lastKnownFileType = sourcecode.swift; path = CalendarViewController.swift; sourceTree = "<group>"; };
		22BABF2325C3ECBA00168AE1 /* TimeMachineCalendarPageBuilder.swift */ = {isa = PBXFileReference; lastKnownFileType = sourcecode.swift; path = TimeMachineCalendarPageBuilder.swift; sourceTree = "<group>"; };
		22BABF2825C42ABB00168AE1 /* CGAffineTransform.swift */ = {isa = PBXFileReference; lastKnownFileType = sourcecode.swift; path = CGAffineTransform.swift; sourceTree = "<group>"; };
		22BC454425B04ED000516F75 /* CalendarPage.swift */ = {isa = PBXFileReference; lastKnownFileType = sourcecode.swift; path = CalendarPage.swift; sourceTree = "<group>"; };
		22BC454F25B1C92100516F75 /* CustomDate.swift */ = {isa = PBXFileReference; lastKnownFileType = sourcecode.swift; path = CustomDate.swift; sourceTree = "<group>"; };
		22C23A0E258DC4FA00D4BEB2 /* AppEngine.swift */ = {isa = PBXFileReference; lastKnownFileType = sourcecode.swift; path = AppEngine.swift; sourceTree = "<group>"; };
		22C23A13258DC58F00D4BEB2 /* Item.swift */ = {isa = PBXFileReference; lastKnownFileType = sourcecode.swift; path = Item.swift; sourceTree = "<group>"; };
		22C23A18258DC5D700D4BEB2 /* QuittingItem.swift */ = {isa = PBXFileReference; lastKnownFileType = sourcecode.swift; path = QuittingItem.swift; sourceTree = "<group>"; };
		22C23A1D258DC5FB00D4BEB2 /* PersistingItem.swift */ = {isa = PBXFileReference; lastKnownFileType = sourcecode.swift; path = PersistingItem.swift; sourceTree = "<group>"; };
		22C23A26258DCE4500D4BEB2 /* HomeViewController.swift */ = {isa = PBXFileReference; lastKnownFileType = sourcecode.swift; path = HomeViewController.swift; sourceTree = "<group>"; };
		22C5D966258F3E4400131964 /* SetUpEngine.swift */ = {isa = PBXFileReference; lastKnownFileType = sourcecode.swift; path = SetUpEngine.swift; sourceTree = "<group>"; };
		22C5D974258F40E800131964 /* SetUpPage.swift */ = {isa = PBXFileReference; lastKnownFileType = sourcecode.swift; path = SetUpPage.swift; sourceTree = "<group>"; };
		22D354B325A595B7004F5667 /* UserCenterViewController.swift */ = {isa = PBXFileReference; lastKnownFileType = sourcecode.swift; path = UserCenterViewController.swift; sourceTree = "<group>"; };
		22D6195125A0238E00EC9396 /* PopUpViewPresentationController.swift */ = {isa = PBXFileReference; lastKnownFileType = sourcecode.swift; path = PopUpViewPresentationController.swift; sourceTree = "<group>"; };
		22D6195625A0277B00EC9396 /* PopUpViewPresentAnimationController.swift */ = {isa = PBXFileReference; lastKnownFileType = sourcecode.swift; path = PopUpViewPresentAnimationController.swift; sourceTree = "<group>"; };
		22D6195B25A0290600EC9396 /* UIViewController.swift */ = {isa = PBXFileReference; lastKnownFileType = sourcecode.swift; path = UIViewController.swift; sourceTree = "<group>"; };
		22D6196625A02FE100EC9396 /* PopUpViewDismissAnimationController.swift */ = {isa = PBXFileReference; lastKnownFileType = sourcecode.swift; path = PopUpViewDismissAnimationController.swift; sourceTree = "<group>"; };
		22D6197625A06B7F00EC9396 /* PopUpViewTransitioningDelegate.swift */ = {isa = PBXFileReference; lastKnownFileType = sourcecode.swift; path = PopUpViewTransitioningDelegate.swift; sourceTree = "<group>"; };
		22D7FBA025A18FE5006B1F28 /* DataOption.swift */ = {isa = PBXFileReference; lastKnownFileType = sourcecode.swift; path = DataOption.swift; sourceTree = "<group>"; };
		22D7FBA525A190E9006B1F28 /* SetUpPageData.swift */ = {isa = PBXFileReference; lastKnownFileType = sourcecode.swift; path = SetUpPageData.swift; sourceTree = "<group>"; };
		22D7FBB025A1E065006B1F28 /* SetUpPageBuilder.swift */ = {isa = PBXFileReference; lastKnownFileType = sourcecode.swift; path = SetUpPageBuilder.swift; sourceTree = "<group>"; };
		22D8A05125CCE1D500A605D6 /* CalendarCellType.swift */ = {isa = PBXFileReference; lastKnownFileType = sourcecode.swift; path = CalendarCellType.swift; sourceTree = "<group>"; };
		22D8A05625CCE21C00A605D6 /* NewCalendarPage.swift */ = {isa = PBXFileReference; lastKnownFileType = sourcecode.swift; path = NewCalendarPage.swift; sourceTree = "<group>"; };
		22D8A05B25CCE24800A605D6 /* CalendarState.swift */ = {isa = PBXFileReference; lastKnownFileType = sourcecode.swift; path = CalendarState.swift; sourceTree = "<group>"; };
		22D8A06625CD13BA00A605D6 /* CalendarCellState.swift */ = {isa = PBXFileReference; lastKnownFileType = sourcecode.swift; path = CalendarCellState.swift; sourceTree = "<group>"; };
		22E9A854259ED1B40073D432 /* PikerViewData.swift */ = {isa = PBXFileReference; lastKnownFileType = sourcecode.swift; path = PikerViewData.swift; sourceTree = "<group>"; };
		22E9A873259F33F50073D432 /* PopUpViewController.swift */ = {isa = PBXFileReference; lastKnownFileType = sourcecode.swift; path = PopUpViewController.swift; sourceTree = "<group>"; };
		22FCB1B4258D86BA006A0D39 /* SetUpViewController.swift */ = {isa = PBXFileReference; lastKnownFileType = sourcecode.swift; path = SetUpViewController.swift; sourceTree = "<group>"; };
		22FCB1B9258D907C006A0D39 /* SystemStyleSetting.swift */ = {isa = PBXFileReference; lastKnownFileType = sourcecode.swift; path = SystemStyleSetting.swift; sourceTree = "<group>"; };
/* End PBXFileReference section */

/* Begin PBXFrameworksBuildPhase section */
		220B727B258A288000E4BEDC /* Frameworks */ = {
			isa = PBXFrameworksBuildPhase;
			buildActionMask = 2147483647;
			files = (
			);
			runOnlyForDeploymentPostprocessing = 0;
		};
		220B7291258A288300E4BEDC /* Frameworks */ = {
			isa = PBXFrameworksBuildPhase;
			buildActionMask = 2147483647;
			files = (
			);
			runOnlyForDeploymentPostprocessing = 0;
		};
		220B729C258A288300E4BEDC /* Frameworks */ = {
			isa = PBXFrameworksBuildPhase;
			buildActionMask = 2147483647;
			files = (
			);
			runOnlyForDeploymentPostprocessing = 0;
		};
/* End PBXFrameworksBuildPhase section */

/* Begin PBXGroup section */
		220B7275258A288000E4BEDC = {
			isa = PBXGroup;
			children = (
				220B7280258A288000E4BEDC /* Reborn */,
				220B7297258A288300E4BEDC /* RebornTests */,
				220B72A2258A288300E4BEDC /* RebornUITests */,
				220B727F258A288000E4BEDC /* Products */,
			);
			sourceTree = "<group>";
		};
		220B727F258A288000E4BEDC /* Products */ = {
			isa = PBXGroup;
			children = (
				220B727E258A288000E4BEDC /* Reborn.app */,
				220B7294258A288300E4BEDC /* RebornTests.xctest */,
				220B729F258A288300E4BEDC /* RebornUITests.xctest */,
			);
			name = Products;
			sourceTree = "<group>";
		};
		220B7280258A288000E4BEDC /* Reborn */ = {
			isa = PBXGroup;
			children = (
				220B7281258A288000E4BEDC /* AppDelegate.swift */,
				220B72B6258C690B00E4BEDC /* Controller */,
				220B728F258A288300E4BEDC /* Info.plist */,
				220B72B5258C690400E4BEDC /* View */,
				220B72B4258C68FB00E4BEDC /* Model */,
				220B7283258A288000E4BEDC /* SceneDelegate.swift */,
			);
			path = Reborn;
			sourceTree = "<group>";
		};
		220B7297258A288300E4BEDC /* RebornTests */ = {
			isa = PBXGroup;
			children = (
				220B7298258A288300E4BEDC /* RebornTests.swift */,
				220B729A258A288300E4BEDC /* Info.plist */,
			);
			path = RebornTests;
			sourceTree = "<group>";
		};
		220B72A2258A288300E4BEDC /* RebornUITests */ = {
			isa = PBXGroup;
			children = (
				220B72A3258A288300E4BEDC /* RebornUITests.swift */,
				220B72A5258A288300E4BEDC /* Info.plist */,
			);
			path = RebornUITests;
			sourceTree = "<group>";
		};
		220B72B4258C68FB00E4BEDC /* Model */ = {
			isa = PBXGroup;
			children = (
				22CE4ECB25D0048B007EBD5B /* State */,
				224E668825C6A75000B71E8A /* Tool */,
				224E663325C6454100B71E8A /* Strategy */,
				22AAD46A25922C06005078B6 /* Manager */,
				221E0B8625A9A20A00386FE1 /* Enum */,
				221E0B7A25A9273300386FE1 /* Model */,
				22C5D987258F646700131964 /* Setting */,
				224A919025971E0800A896BE /* Builder */,
				22E9A850259ECDB10073D432 /* Extension */,
			);
			path = Model;
			sourceTree = "<group>";
		};
		220B72B5258C690400E4BEDC /* View */ = {
			isa = PBXGroup;
			children = (
				220B728A258A288300E4BEDC /* Assets.xcassets */,
				220B7287258A288000E4BEDC /* Main.storyboard */,
				220B728C258A288300E4BEDC /* LaunchScreen.storyboard */,
			);
			path = View;
			sourceTree = "<group>";
		};
		220B72B6258C690B00E4BEDC /* Controller */ = {
			isa = PBXGroup;
			children = (
				22D8A06B25CD141200A605D6 /* View Controller */,
				223A777325A30645004B3324 /* Transition */,
			);
			path = Controller;
			sourceTree = "<group>";
		};
		221E0B7A25A9273300386FE1 /* Model */ = {
			isa = PBXGroup;
			children = (
				22BC454425B04ED000516F75 /* CalendarPage.swift */,
				22BC454F25B1C92100516F75 /* CustomDate.swift */,
				22D7FBA025A18FE5006B1F28 /* DataOption.swift */,
				221E0BA325A9D38100386FE1 /* Image.swift */,
				22C23A13258DC58F00D4BEB2 /* Item.swift */,
				22C23A1D258DC5FB00D4BEB2 /* PersistingItem.swift */,
				22E9A854259ED1B40073D432 /* PikerViewData.swift */,
				22C23A18258DC5D700D4BEB2 /* QuittingItem.swift */,
				22C5D974258F40E800131964 /* SetUpPage.swift */,
				22D7FBA525A190E9006B1F28 /* SetUpPageData.swift */,
				221E0B7B25A9273E00386FE1 /* User.swift */,
			);
			path = Model;
			sourceTree = "<group>";
		};
		221E0B8625A9A20A00386FE1 /* Enum */ = {
			isa = PBXGroup;
			children = (
				22D8A06625CD13BA00A605D6 /* CalendarCellState.swift */,
				22D8A05125CCE1D500A605D6 /* CalendarCellType.swift */,
				22D8A05B25CCE24800A605D6 /* CalendarState.swift */,
				221E0B8725A9A22800386FE1 /* Gender.swift */,
				224A91832595FA7D00A896BE /* ItemType.swift */,
				22D8A05625CCE21C00A605D6 /* NewCalendarPage.swift */,
				22A597FD2599C0AF008E2A06 /* WeekDay.swift */,
			);
			path = Enum;
			sourceTree = "<group>";
		};
		223A777325A30645004B3324 /* Transition */ = {
			isa = PBXGroup;
			children = (
				225AD13825A872180040E356 /* Custom Segue */,
				225AD13A25A872450040E356 /* Custom Transition */,
			);
			path = Transition;
			sourceTree = "<group>";
		};
		224A919025971E0800A896BE /* Builder */ = {
			isa = PBXGroup;
			children = (
				224A919125971E9000A896BE /* ItemViewBuilder.swift */,
				22A59810259AA31A008E2A06 /* PopUpViewBuilder.swift */,
				22D7FBB025A1E065006B1F28 /* SetUpPageBuilder.swift */,
				22BABF2325C3ECBA00168AE1 /* TimeMachineCalendarPageBuilder.swift */,
			);
			path = Builder;
			sourceTree = "<group>";
		};
		224E663325C6454100B71E8A /* Strategy */ = {
			isa = PBXGroup;
			children = (
				224E664125C6467100B71E8A /* BackwardForManyStrategy.swift */,
				224E664B25C6469B00B71E8A /* BackwardForOneStrategy.swift */,
				2246D2E525CA68230001EFB7 /* DismissStrategy.swift */,
				2246D2ED25CAD5110001EFB7 /* EnlargeStrategy.swift */,
				224E664625C6468D00B71E8A /* ForwardForManyStrategy.swift */,
				224E663C25C6465D00B71E8A /* ForwardForOneStrategy.swift */,
				2246D2F225CAD9F70001EFB7 /* GoBackToThePastStrategy.swift */,
				224E665025C6483E00B71E8A /* PagesBehaviorStrategy.swift */,
				224E665825C64F5F00B71E8A /* PresentStrategy.swift */,
				224E663425C6457900B71E8A /* TimeMachineAnimationStrategy.swift */,
			);
			path = Strategy;
			sourceTree = "<group>";
		};
		224E668825C6A75000B71E8A /* Tool */ = {
			isa = PBXGroup;
			children = (
				224E668925C6A76600B71E8A /* DateCalculator.swift */,
			);
			path = Tool;
			sourceTree = "<group>";
		};
		225AD13825A872180040E356 /* Custom Segue */ = {
			isa = PBXGroup;
			children = (
				225AD13325A86ED80040E356 /* FadeInSegue.swift */,
				22916DB425C05F0D004A3EC4 /* PresentTimeMachineSegue.swift */,
			);
			path = "Custom Segue";
			sourceTree = "<group>";
		};
		225AD13A25A872450040E356 /* Custom Transition */ = {
			isa = PBXGroup;
			children = (
				22A2EC9025C9870300E97787 /* PopUpView */,
				22A2EC8925C986E300E97787 /* Time Machine View */,
			);
			path = "Custom Transition";
			sourceTree = "<group>";
		};
		22A2EC8925C986E300E97787 /* Time Machine View */ = {
			isa = PBXGroup;
			children = (
				22A2EC6D25C9488A00E97787 /* TimeMachineTransitioningDelegate.swift */,
				22A2EC7825C9862A00E97787 /* TimeMachineViewPresentAnimationController.swift */,
				22A2EC8325C9868C00E97787 /* TimeMachineViewDismissAnimationController.swift */,
			);
			path = "Time Machine View";
			sourceTree = "<group>";
		};
		22A2EC9025C9870300E97787 /* PopUpView */ = {
			isa = PBXGroup;
			children = (
				22D6195125A0238E00EC9396 /* PopUpViewPresentationController.swift */,
				22D6195625A0277B00EC9396 /* PopUpViewPresentAnimationController.swift */,
				22D6196625A02FE100EC9396 /* PopUpViewDismissAnimationController.swift */,
				22D6197625A06B7F00EC9396 /* PopUpViewTransitioningDelegate.swift */,
			);
			path = PopUpView;
			sourceTree = "<group>";
		};
		22AAD46A25922C06005078B6 /* Manager */ = {
			isa = PBXGroup;
			children = (
				22C23A0E258DC4FA00D4BEB2 /* AppEngine.swift */,
				22C5D966258F3E4400131964 /* SetUpEngine.swift */,
			);
			path = Manager;
			sourceTree = "<group>";
		};
		22C5D987258F646700131964 /* Setting */ = {
			isa = PBXGroup;
			children = (
				22FCB1B9258D907C006A0D39 /* SystemStyleSetting.swift */,
				2279C17D2592ED2F00566CD7 /* UserStyleSetting.swift */,
			);
			path = Setting;
			sourceTree = "<group>";
		};
		22CE4ECB25D0048B007EBD5B /* State */ = {
			isa = PBXGroup;
			children = (
			);
			path = State;
			sourceTree = "<group>";
		};
		22D8A06B25CD141200A605D6 /* View Controller */ = {
			isa = PBXGroup;
			children = (
				22A597F825986685008E2A06 /* AddItemViewController.swift */,
				228ED3E525B94D630054591F /* CalendarCell.swift */,
				22AACA3025AE98B40098D920 /* CalendarViewController.swift */,
				22C23A26258DCE4500D4BEB2 /* HomeViewController.swift */,
				225AD12E25A868F50040E356 /* ItemDetailViewController.swift */,
				22E9A873259F33F50073D432 /* PopUpViewController.swift */,
				22FCB1B4258D86BA006A0D39 /* SetUpViewController.swift */,
				22916DA825BFE34C004A3EC4 /* TimeMachineViewController.swift */,
				22D354B325A595B7004F5667 /* UserCenterViewController.swift */,
				220B7285258A288000E4BEDC /* WelcomeViewController.swift */,
			);
			path = "View Controller";
			sourceTree = "<group>";
		};
		22E9A850259ECDB10073D432 /* Extension */ = {
			isa = PBXGroup;
			children = (
				22A597EB2598091B008E2A06 /* UIButton.swift */,
				22D6195B25A0290600EC9396 /* UIViewController.swift */,
				223A777A25A41184004B3324 /* UIView.swift */,
				225AD11525A6C8620040E356 /* UIColor.swift */,
				225AD12125A80EB30040E356 /* UIApplication.swift */,
				225AD12925A848A30040E356 /* Selector.swift */,
				22AACA1025AD910D0098D920 /* Date.swift */,
				22BABF2825C42ABB00168AE1 /* CGAffineTransform.swift */,
				22A2EC9425CA2AAB00E97787 /* Array.swift */,
			);
			path = Extension;
			sourceTree = "<group>";
		};
/* End PBXGroup section */

/* Begin PBXNativeTarget section */
		220B727D258A288000E4BEDC /* Reborn */ = {
			isa = PBXNativeTarget;
			buildConfigurationList = 220B72A8258A288300E4BEDC /* Build configuration list for PBXNativeTarget "Reborn" */;
			buildPhases = (
				220B727A258A288000E4BEDC /* Sources */,
				220B727B258A288000E4BEDC /* Frameworks */,
				220B727C258A288000E4BEDC /* Resources */,
			);
			buildRules = (
			);
			dependencies = (
			);
			name = Reborn;
			productName = Reborn;
			productReference = 220B727E258A288000E4BEDC /* Reborn.app */;
			productType = "com.apple.product-type.application";
		};
		220B7293258A288300E4BEDC /* RebornTests */ = {
			isa = PBXNativeTarget;
			buildConfigurationList = 220B72AB258A288300E4BEDC /* Build configuration list for PBXNativeTarget "RebornTests" */;
			buildPhases = (
				220B7290258A288300E4BEDC /* Sources */,
				220B7291258A288300E4BEDC /* Frameworks */,
				220B7292258A288300E4BEDC /* Resources */,
			);
			buildRules = (
			);
			dependencies = (
				220B7296258A288300E4BEDC /* PBXTargetDependency */,
			);
			name = RebornTests;
			productName = RebornTests;
			productReference = 220B7294258A288300E4BEDC /* RebornTests.xctest */;
			productType = "com.apple.product-type.bundle.unit-test";
		};
		220B729E258A288300E4BEDC /* RebornUITests */ = {
			isa = PBXNativeTarget;
			buildConfigurationList = 220B72AE258A288300E4BEDC /* Build configuration list for PBXNativeTarget "RebornUITests" */;
			buildPhases = (
				220B729B258A288300E4BEDC /* Sources */,
				220B729C258A288300E4BEDC /* Frameworks */,
				220B729D258A288300E4BEDC /* Resources */,
			);
			buildRules = (
			);
			dependencies = (
				220B72A1258A288300E4BEDC /* PBXTargetDependency */,
			);
			name = RebornUITests;
			productName = RebornUITests;
			productReference = 220B729F258A288300E4BEDC /* RebornUITests.xctest */;
			productType = "com.apple.product-type.bundle.ui-testing";
		};
/* End PBXNativeTarget section */

/* Begin PBXProject section */
		220B7276258A288000E4BEDC /* Project object */ = {
			isa = PBXProject;
			attributes = {
				LastSwiftUpdateCheck = 1220;
				LastUpgradeCheck = 1220;
				TargetAttributes = {
					220B727D258A288000E4BEDC = {
						CreatedOnToolsVersion = 12.2;
					};
					220B7293258A288300E4BEDC = {
						CreatedOnToolsVersion = 12.2;
						TestTargetID = 220B727D258A288000E4BEDC;
					};
					220B729E258A288300E4BEDC = {
						CreatedOnToolsVersion = 12.2;
						TestTargetID = 220B727D258A288000E4BEDC;
					};
				};
			};
			buildConfigurationList = 220B7279258A288000E4BEDC /* Build configuration list for PBXProject "Reborn" */;
			compatibilityVersion = "Xcode 9.3";
			developmentRegion = en;
			hasScannedForEncodings = 0;
			knownRegions = (
				en,
				Base,
			);
			mainGroup = 220B7275258A288000E4BEDC;
			productRefGroup = 220B727F258A288000E4BEDC /* Products */;
			projectDirPath = "";
			projectRoot = "";
			targets = (
				220B727D258A288000E4BEDC /* Reborn */,
				220B7293258A288300E4BEDC /* RebornTests */,
				220B729E258A288300E4BEDC /* RebornUITests */,
			);
		};
/* End PBXProject section */

/* Begin PBXResourcesBuildPhase section */
		220B727C258A288000E4BEDC /* Resources */ = {
			isa = PBXResourcesBuildPhase;
			buildActionMask = 2147483647;
			files = (
				220B728E258A288300E4BEDC /* LaunchScreen.storyboard in Resources */,
				220B728B258A288300E4BEDC /* Assets.xcassets in Resources */,
				220B7289258A288000E4BEDC /* Main.storyboard in Resources */,
			);
			runOnlyForDeploymentPostprocessing = 0;
		};
		220B7292258A288300E4BEDC /* Resources */ = {
			isa = PBXResourcesBuildPhase;
			buildActionMask = 2147483647;
			files = (
			);
			runOnlyForDeploymentPostprocessing = 0;
		};
		220B729D258A288300E4BEDC /* Resources */ = {
			isa = PBXResourcesBuildPhase;
			buildActionMask = 2147483647;
			files = (
			);
			runOnlyForDeploymentPostprocessing = 0;
		};
/* End PBXResourcesBuildPhase section */

/* Begin PBXSourcesBuildPhase section */
		220B727A258A288000E4BEDC /* Sources */ = {
			isa = PBXSourcesBuildPhase;
			buildActionMask = 2147483647;
			files = (
				224E663D25C6465D00B71E8A /* ForwardForOneStrategy.swift in Sources */,
				22A2EC8425C9868C00E97787 /* TimeMachineViewDismissAnimationController.swift in Sources */,
				22E9A855259ED1B40073D432 /* PikerViewData.swift in Sources */,
				224E664C25C6469B00B71E8A /* BackwardForOneStrategy.swift in Sources */,
				224E665925C64F5F00B71E8A /* PresentStrategy.swift in Sources */,
				228ED3E625B94D630054591F /* CalendarCell.swift in Sources */,
				2279C17E2592ED2F00566CD7 /* UserStyleSetting.swift in Sources */,
				223A777B25A41184004B3324 /* UIView.swift in Sources */,
				22916DA925BFE34C004A3EC4 /* TimeMachineViewController.swift in Sources */,
				2246D2E625CA68230001EFB7 /* DismissStrategy.swift in Sources */,
				22D7FBB125A1E065006B1F28 /* SetUpPageBuilder.swift in Sources */,
				22D8A05725CCE21C00A605D6 /* NewCalendarPage.swift in Sources */,
				22D8A05225CCE1D500A605D6 /* CalendarCellType.swift in Sources */,
				2246D2EE25CAD5110001EFB7 /* EnlargeStrategy.swift in Sources */,
				22D6195C25A0290600EC9396 /* UIViewController.swift in Sources */,
				22C23A27258DCE4500D4BEB2 /* HomeViewController.swift in Sources */,
				225AD12F25A868F50040E356 /* ItemDetailViewController.swift in Sources */,
				225AD12225A80EB30040E356 /* UIApplication.swift in Sources */,
				225AD12A25A848A30040E356 /* Selector.swift in Sources */,
				22D6195725A0277B00EC9396 /* PopUpViewPresentAnimationController.swift in Sources */,
				224A919225971E9000A896BE /* ItemViewBuilder.swift in Sources */,
				22AACA3225AE98B40098D920 /* CalendarViewController.swift in Sources */,
				22D6196725A02FE100EC9396 /* PopUpViewDismissAnimationController.swift in Sources */,
				224E668A25C6A76600B71E8A /* DateCalculator.swift in Sources */,
				22A2EC6E25C9488A00E97787 /* TimeMachineTransitioningDelegate.swift in Sources */,
				22A2EC9525CA2AAB00E97787 /* Array.swift in Sources */,
				22AACA1125AD910D0098D920 /* Date.swift in Sources */,
				224A91842595FA7D00A896BE /* ItemType.swift in Sources */,
				22FCB1B5258D86BA006A0D39 /* SetUpViewController.swift in Sources */,
				22D8A05C25CCE24800A605D6 /* CalendarState.swift in Sources */,
				22D6195225A0238E00EC9396 /* PopUpViewPresentationController.swift in Sources */,
				22A597F925986685008E2A06 /* AddItemViewController.swift in Sources */,
				22C23A19258DC5D700D4BEB2 /* QuittingItem.swift in Sources */,
				224E664225C6467100B71E8A /* BackwardForManyStrategy.swift in Sources */,
				22E9A875259F33F50073D432 /* PopUpViewController.swift in Sources */,
				220B7286258A288000E4BEDC /* WelcomeViewController.swift in Sources */,
				22D8A06725CD13BA00A605D6 /* CalendarCellState.swift in Sources */,
				224E663525C6457900B71E8A /* TimeMachineAnimationStrategy.swift in Sources */,
				22C5D975258F40E800131964 /* SetUpPage.swift in Sources */,
				220B7282258A288000E4BEDC /* AppDelegate.swift in Sources */,
				225AD11625A6C8620040E356 /* UIColor.swift in Sources */,
				22916DB525C05F0D004A3EC4 /* PresentTimeMachineSegue.swift in Sources */,
				220B7284258A288000E4BEDC /* SceneDelegate.swift in Sources */,
				22BC454525B04ED000516F75 /* CalendarPage.swift in Sources */,
				22C23A14258DC58F00D4BEB2 /* Item.swift in Sources */,
				22BABF2425C3ECBA00168AE1 /* TimeMachineCalendarPageBuilder.swift in Sources */,
				221E0BA425A9D38100386FE1 /* Image.swift in Sources */,
				22D354B425A595B7004F5667 /* UserCenterViewController.swift in Sources */,
				22BABF2925C42ABB00168AE1 /* CGAffineTransform.swift in Sources */,
				224E665125C6483E00B71E8A /* PagesBehaviorStrategy.swift in Sources */,
				221E0B7C25A9273E00386FE1 /* User.swift in Sources */,
				22FCB1BA258D907C006A0D39 /* SystemStyleSetting.swift in Sources */,
				22C23A1E258DC5FB00D4BEB2 /* PersistingItem.swift in Sources */,
				224E664725C6468D00B71E8A /* ForwardForManyStrategy.swift in Sources */,
				22A2EC7925C9862A00E97787 /* TimeMachineViewPresentAnimationController.swift in Sources */,
				22C23A0F258DC4FA00D4BEB2 /* AppEngine.swift in Sources */,
				22A597FE2599C0AF008E2A06 /* WeekDay.swift in Sources */,
				225AD13425A86ED80040E356 /* FadeInSegue.swift in Sources */,
				22D7FBA625A190E9006B1F28 /* SetUpPageData.swift in Sources */,
				22A597EC2598091B008E2A06 /* UIButton.swift in Sources */,
				22A59811259AA31A008E2A06 /* PopUpViewBuilder.swift in Sources */,
				221E0B8825A9A22800386FE1 /* Gender.swift in Sources */,
				22C5D967258F3E4400131964 /* SetUpEngine.swift in Sources */,
				22D7FBA125A18FE5006B1F28 /* DataOption.swift in Sources */,
				2246D2F325CAD9F70001EFB7 /* GoBackToThePastStrategy.swift in Sources */,
				22D6197725A06B7F00EC9396 /* PopUpViewTransitioningDelegate.swift in Sources */,
				22BC455025B1C92100516F75 /* CustomDate.swift in Sources */,
			);
			runOnlyForDeploymentPostprocessing = 0;
		};
		220B7290258A288300E4BEDC /* Sources */ = {
			isa = PBXSourcesBuildPhase;
			buildActionMask = 2147483647;
			files = (
				220B7299258A288300E4BEDC /* RebornTests.swift in Sources */,
			);
			runOnlyForDeploymentPostprocessing = 0;
		};
		220B729B258A288300E4BEDC /* Sources */ = {
			isa = PBXSourcesBuildPhase;
			buildActionMask = 2147483647;
			files = (
				220B72A4258A288300E4BEDC /* RebornUITests.swift in Sources */,
			);
			runOnlyForDeploymentPostprocessing = 0;
		};
/* End PBXSourcesBuildPhase section */

/* Begin PBXTargetDependency section */
		220B7296258A288300E4BEDC /* PBXTargetDependency */ = {
			isa = PBXTargetDependency;
			target = 220B727D258A288000E4BEDC /* Reborn */;
			targetProxy = 220B7295258A288300E4BEDC /* PBXContainerItemProxy */;
		};
		220B72A1258A288300E4BEDC /* PBXTargetDependency */ = {
			isa = PBXTargetDependency;
			target = 220B727D258A288000E4BEDC /* Reborn */;
			targetProxy = 220B72A0258A288300E4BEDC /* PBXContainerItemProxy */;
		};
/* End PBXTargetDependency section */

/* Begin PBXVariantGroup section */
		220B7287258A288000E4BEDC /* Main.storyboard */ = {
			isa = PBXVariantGroup;
			children = (
				220B7288258A288000E4BEDC /* Base */,
			);
			name = Main.storyboard;
			sourceTree = "<group>";
		};
		220B728C258A288300E4BEDC /* LaunchScreen.storyboard */ = {
			isa = PBXVariantGroup;
			children = (
				220B728D258A288300E4BEDC /* Base */,
			);
			name = LaunchScreen.storyboard;
			sourceTree = "<group>";
		};
/* End PBXVariantGroup section */

/* Begin XCBuildConfiguration section */
		220B72A6258A288300E4BEDC /* Debug */ = {
			isa = XCBuildConfiguration;
			buildSettings = {
				ALWAYS_SEARCH_USER_PATHS = NO;
				CLANG_ANALYZER_NONNULL = YES;
				CLANG_ANALYZER_NUMBER_OBJECT_CONVERSION = YES_AGGRESSIVE;
				CLANG_CXX_LANGUAGE_STANDARD = "gnu++14";
				CLANG_CXX_LIBRARY = "libc++";
				CLANG_ENABLE_MODULES = YES;
				CLANG_ENABLE_OBJC_ARC = YES;
				CLANG_ENABLE_OBJC_WEAK = YES;
				CLANG_WARN_BLOCK_CAPTURE_AUTORELEASING = YES;
				CLANG_WARN_BOOL_CONVERSION = YES;
				CLANG_WARN_COMMA = YES;
				CLANG_WARN_CONSTANT_CONVERSION = YES;
				CLANG_WARN_DEPRECATED_OBJC_IMPLEMENTATIONS = YES;
				CLANG_WARN_DIRECT_OBJC_ISA_USAGE = YES_ERROR;
				CLANG_WARN_DOCUMENTATION_COMMENTS = YES;
				CLANG_WARN_EMPTY_BODY = YES;
				CLANG_WARN_ENUM_CONVERSION = YES;
				CLANG_WARN_INFINITE_RECURSION = YES;
				CLANG_WARN_INT_CONVERSION = YES;
				CLANG_WARN_NON_LITERAL_NULL_CONVERSION = YES;
				CLANG_WARN_OBJC_IMPLICIT_RETAIN_SELF = YES;
				CLANG_WARN_OBJC_LITERAL_CONVERSION = YES;
				CLANG_WARN_OBJC_ROOT_CLASS = YES_ERROR;
				CLANG_WARN_QUOTED_INCLUDE_IN_FRAMEWORK_HEADER = YES;
				CLANG_WARN_RANGE_LOOP_ANALYSIS = YES;
				CLANG_WARN_STRICT_PROTOTYPES = YES;
				CLANG_WARN_SUSPICIOUS_MOVE = YES;
				CLANG_WARN_UNGUARDED_AVAILABILITY = YES_AGGRESSIVE;
				CLANG_WARN_UNREACHABLE_CODE = YES;
				CLANG_WARN__DUPLICATE_METHOD_MATCH = YES;
				COPY_PHASE_STRIP = NO;
				DEBUG_INFORMATION_FORMAT = dwarf;
				ENABLE_STRICT_OBJC_MSGSEND = YES;
				ENABLE_TESTABILITY = YES;
				GCC_C_LANGUAGE_STANDARD = gnu11;
				GCC_DYNAMIC_NO_PIC = NO;
				GCC_NO_COMMON_BLOCKS = YES;
				GCC_OPTIMIZATION_LEVEL = 0;
				GCC_PREPROCESSOR_DEFINITIONS = (
					"DEBUG=1",
					"$(inherited)",
				);
				GCC_WARN_64_TO_32_BIT_CONVERSION = YES;
				GCC_WARN_ABOUT_RETURN_TYPE = YES_ERROR;
				GCC_WARN_UNDECLARED_SELECTOR = YES;
				GCC_WARN_UNINITIALIZED_AUTOS = YES_AGGRESSIVE;
				GCC_WARN_UNUSED_FUNCTION = YES;
				GCC_WARN_UNUSED_VARIABLE = YES;
				IPHONEOS_DEPLOYMENT_TARGET = 14.2;
				MTL_ENABLE_DEBUG_INFO = INCLUDE_SOURCE;
				MTL_FAST_MATH = YES;
				ONLY_ACTIVE_ARCH = YES;
				SDKROOT = iphoneos;
				SWIFT_ACTIVE_COMPILATION_CONDITIONS = DEBUG;
				SWIFT_OPTIMIZATION_LEVEL = "-Onone";
			};
			name = Debug;
		};
		220B72A7258A288300E4BEDC /* Release */ = {
			isa = XCBuildConfiguration;
			buildSettings = {
				ALWAYS_SEARCH_USER_PATHS = NO;
				CLANG_ANALYZER_NONNULL = YES;
				CLANG_ANALYZER_NUMBER_OBJECT_CONVERSION = YES_AGGRESSIVE;
				CLANG_CXX_LANGUAGE_STANDARD = "gnu++14";
				CLANG_CXX_LIBRARY = "libc++";
				CLANG_ENABLE_MODULES = YES;
				CLANG_ENABLE_OBJC_ARC = YES;
				CLANG_ENABLE_OBJC_WEAK = YES;
				CLANG_WARN_BLOCK_CAPTURE_AUTORELEASING = YES;
				CLANG_WARN_BOOL_CONVERSION = YES;
				CLANG_WARN_COMMA = YES;
				CLANG_WARN_CONSTANT_CONVERSION = YES;
				CLANG_WARN_DEPRECATED_OBJC_IMPLEMENTATIONS = YES;
				CLANG_WARN_DIRECT_OBJC_ISA_USAGE = YES_ERROR;
				CLANG_WARN_DOCUMENTATION_COMMENTS = YES;
				CLANG_WARN_EMPTY_BODY = YES;
				CLANG_WARN_ENUM_CONVERSION = YES;
				CLANG_WARN_INFINITE_RECURSION = YES;
				CLANG_WARN_INT_CONVERSION = YES;
				CLANG_WARN_NON_LITERAL_NULL_CONVERSION = YES;
				CLANG_WARN_OBJC_IMPLICIT_RETAIN_SELF = YES;
				CLANG_WARN_OBJC_LITERAL_CONVERSION = YES;
				CLANG_WARN_OBJC_ROOT_CLASS = YES_ERROR;
				CLANG_WARN_QUOTED_INCLUDE_IN_FRAMEWORK_HEADER = YES;
				CLANG_WARN_RANGE_LOOP_ANALYSIS = YES;
				CLANG_WARN_STRICT_PROTOTYPES = YES;
				CLANG_WARN_SUSPICIOUS_MOVE = YES;
				CLANG_WARN_UNGUARDED_AVAILABILITY = YES_AGGRESSIVE;
				CLANG_WARN_UNREACHABLE_CODE = YES;
				CLANG_WARN__DUPLICATE_METHOD_MATCH = YES;
				COPY_PHASE_STRIP = NO;
				DEBUG_INFORMATION_FORMAT = "dwarf-with-dsym";
				ENABLE_NS_ASSERTIONS = NO;
				ENABLE_STRICT_OBJC_MSGSEND = YES;
				GCC_C_LANGUAGE_STANDARD = gnu11;
				GCC_NO_COMMON_BLOCKS = YES;
				GCC_WARN_64_TO_32_BIT_CONVERSION = YES;
				GCC_WARN_ABOUT_RETURN_TYPE = YES_ERROR;
				GCC_WARN_UNDECLARED_SELECTOR = YES;
				GCC_WARN_UNINITIALIZED_AUTOS = YES_AGGRESSIVE;
				GCC_WARN_UNUSED_FUNCTION = YES;
				GCC_WARN_UNUSED_VARIABLE = YES;
				IPHONEOS_DEPLOYMENT_TARGET = 14.2;
				MTL_ENABLE_DEBUG_INFO = NO;
				MTL_FAST_MATH = YES;
				SDKROOT = iphoneos;
				SWIFT_COMPILATION_MODE = wholemodule;
				SWIFT_OPTIMIZATION_LEVEL = "-O";
				VALIDATE_PRODUCT = YES;
			};
			name = Release;
		};
		220B72A9258A288300E4BEDC /* Debug */ = {
			isa = XCBuildConfiguration;
			buildSettings = {
				ASSETCATALOG_COMPILER_APPICON_NAME = AppIcon;
				ASSETCATALOG_COMPILER_GLOBAL_ACCENT_COLOR_NAME = AccentColor;
				CODE_SIGN_STYLE = Automatic;
				DEVELOPMENT_TEAM = YBC7QWCEU3;
				INFOPLIST_FILE = Reborn/Info.plist;
				LD_RUNPATH_SEARCH_PATHS = (
					"$(inherited)",
					"@executable_path/Frameworks",
				);
				PRODUCT_BUNDLE_IDENTIFIER = com.crazycat.Reborn;
				PRODUCT_NAME = "$(TARGET_NAME)";
				SWIFT_VERSION = 5.0;
				TARGETED_DEVICE_FAMILY = 1;
			};
			name = Debug;
		};
		220B72AA258A288300E4BEDC /* Release */ = {
			isa = XCBuildConfiguration;
			buildSettings = {
				ASSETCATALOG_COMPILER_APPICON_NAME = AppIcon;
				ASSETCATALOG_COMPILER_GLOBAL_ACCENT_COLOR_NAME = AccentColor;
				CODE_SIGN_STYLE = Automatic;
				DEVELOPMENT_TEAM = YBC7QWCEU3;
				INFOPLIST_FILE = Reborn/Info.plist;
				LD_RUNPATH_SEARCH_PATHS = (
					"$(inherited)",
					"@executable_path/Frameworks",
				);
				PRODUCT_BUNDLE_IDENTIFIER = com.crazycat.Reborn;
				PRODUCT_NAME = "$(TARGET_NAME)";
				SWIFT_VERSION = 5.0;
				TARGETED_DEVICE_FAMILY = 1;
			};
			name = Release;
		};
		220B72AC258A288300E4BEDC /* Debug */ = {
			isa = XCBuildConfiguration;
			buildSettings = {
				ALWAYS_EMBED_SWIFT_STANDARD_LIBRARIES = YES;
				BUNDLE_LOADER = "$(TEST_HOST)";
				CODE_SIGN_STYLE = Automatic;
				DEVELOPMENT_TEAM = YBC7QWCEU3;
				INFOPLIST_FILE = RebornTests/Info.plist;
				IPHONEOS_DEPLOYMENT_TARGET = 14.2;
				LD_RUNPATH_SEARCH_PATHS = (
					"$(inherited)",
					"@executable_path/Frameworks",
					"@loader_path/Frameworks",
				);
				PRODUCT_BUNDLE_IDENTIFIER = com.crazycat.RebornTests;
				PRODUCT_NAME = "$(TARGET_NAME)";
				SWIFT_VERSION = 5.0;
				TARGETED_DEVICE_FAMILY = "1,2";
				TEST_HOST = "$(BUILT_PRODUCTS_DIR)/Reborn.app/Reborn";
			};
			name = Debug;
		};
		220B72AD258A288300E4BEDC /* Release */ = {
			isa = XCBuildConfiguration;
			buildSettings = {
				ALWAYS_EMBED_SWIFT_STANDARD_LIBRARIES = YES;
				BUNDLE_LOADER = "$(TEST_HOST)";
				CODE_SIGN_STYLE = Automatic;
				DEVELOPMENT_TEAM = YBC7QWCEU3;
				INFOPLIST_FILE = RebornTests/Info.plist;
				IPHONEOS_DEPLOYMENT_TARGET = 14.2;
				LD_RUNPATH_SEARCH_PATHS = (
					"$(inherited)",
					"@executable_path/Frameworks",
					"@loader_path/Frameworks",
				);
				PRODUCT_BUNDLE_IDENTIFIER = com.crazycat.RebornTests;
				PRODUCT_NAME = "$(TARGET_NAME)";
				SWIFT_VERSION = 5.0;
				TARGETED_DEVICE_FAMILY = "1,2";
				TEST_HOST = "$(BUILT_PRODUCTS_DIR)/Reborn.app/Reborn";
			};
			name = Release;
		};
		220B72AF258A288300E4BEDC /* Debug */ = {
			isa = XCBuildConfiguration;
			buildSettings = {
				ALWAYS_EMBED_SWIFT_STANDARD_LIBRARIES = YES;
				CODE_SIGN_STYLE = Automatic;
				DEVELOPMENT_TEAM = YBC7QWCEU3;
				INFOPLIST_FILE = RebornUITests/Info.plist;
				LD_RUNPATH_SEARCH_PATHS = (
					"$(inherited)",
					"@executable_path/Frameworks",
					"@loader_path/Frameworks",
				);
				PRODUCT_BUNDLE_IDENTIFIER = com.crazycat.RebornUITests;
				PRODUCT_NAME = "$(TARGET_NAME)";
				SWIFT_VERSION = 5.0;
				TARGETED_DEVICE_FAMILY = "1,2";
				TEST_TARGET_NAME = Reborn;
			};
			name = Debug;
		};
		220B72B0258A288300E4BEDC /* Release */ = {
			isa = XCBuildConfiguration;
			buildSettings = {
				ALWAYS_EMBED_SWIFT_STANDARD_LIBRARIES = YES;
				CODE_SIGN_STYLE = Automatic;
				DEVELOPMENT_TEAM = YBC7QWCEU3;
				INFOPLIST_FILE = RebornUITests/Info.plist;
				LD_RUNPATH_SEARCH_PATHS = (
					"$(inherited)",
					"@executable_path/Frameworks",
					"@loader_path/Frameworks",
				);
				PRODUCT_BUNDLE_IDENTIFIER = com.crazycat.RebornUITests;
				PRODUCT_NAME = "$(TARGET_NAME)";
				SWIFT_VERSION = 5.0;
				TARGETED_DEVICE_FAMILY = "1,2";
				TEST_TARGET_NAME = Reborn;
			};
			name = Release;
		};
/* End XCBuildConfiguration section */

/* Begin XCConfigurationList section */
		220B7279258A288000E4BEDC /* Build configuration list for PBXProject "Reborn" */ = {
			isa = XCConfigurationList;
			buildConfigurations = (
				220B72A6258A288300E4BEDC /* Debug */,
				220B72A7258A288300E4BEDC /* Release */,
			);
			defaultConfigurationIsVisible = 0;
			defaultConfigurationName = Release;
		};
		220B72A8258A288300E4BEDC /* Build configuration list for PBXNativeTarget "Reborn" */ = {
			isa = XCConfigurationList;
			buildConfigurations = (
				220B72A9258A288300E4BEDC /* Debug */,
				220B72AA258A288300E4BEDC /* Release */,
			);
			defaultConfigurationIsVisible = 0;
			defaultConfigurationName = Release;
		};
		220B72AB258A288300E4BEDC /* Build configuration list for PBXNativeTarget "RebornTests" */ = {
			isa = XCConfigurationList;
			buildConfigurations = (
				220B72AC258A288300E4BEDC /* Debug */,
				220B72AD258A288300E4BEDC /* Release */,
			);
			defaultConfigurationIsVisible = 0;
			defaultConfigurationName = Release;
		};
		220B72AE258A288300E4BEDC /* Build configuration list for PBXNativeTarget "RebornUITests" */ = {
			isa = XCConfigurationList;
			buildConfigurations = (
				220B72AF258A288300E4BEDC /* Debug */,
				220B72B0258A288300E4BEDC /* Release */,
			);
			defaultConfigurationIsVisible = 0;
			defaultConfigurationName = Release;
		};
/* End XCConfigurationList section */
	};
	rootObject = 220B7276258A288000E4BEDC /* Project object */;
}
